// !$*UTF8*$!
{
	archiveVersion = 1;
	classes = {
	};
	objectVersion = 46;
	objects = {

/* Begin PBXBuildFile section */
		99DA4D5E1E860EDF00AFDD53 /* MochaAsyncTask.h in Headers */ = {isa = PBXBuildFile; fileRef = 99DA4D5C1E860EDF00AFDD53 /* MochaAsyncTask.h */; settings = {ATTRIBUTES = (Public, ); }; };
		99DA4D651E860EFA00AFDD53 /* AsyncTask.swift in Sources */ = {isa = PBXBuildFile; fileRef = 99DA4D641E860EFA00AFDD53 /* AsyncTask.swift */; };
		99DA4D7C1E8612FC00AFDD53 /* main.swift in Sources */ = {isa = PBXBuildFile; fileRef = 99DA4D7B1E8612FC00AFDD53 /* main.swift */; };
		99DA4D831E86155B00AFDD53 /* CocoaScript.framework in Frameworks */ = {isa = PBXBuildFile; fileRef = 99DA4D721E8612D100AFDD53 /* CocoaScript.framework */; };
		99DA4D861E8616A500AFDD53 /* example.js in Resources */ = {isa = PBXBuildFile; fileRef = 99DA4D841E86167800AFDD53 /* example.js */; };
		99DA4D871E8617E000AFDD53 /* example.js in CopyFiles */ = {isa = PBXBuildFile; fileRef = 99DA4D841E86167800AFDD53 /* example.js */; };
		99DA4D891E86184500AFDD53 /* MochaJSDelegate.js in Resources */ = {isa = PBXBuildFile; fileRef = 99DA4D881E86184500AFDD53 /* MochaJSDelegate.js */; };
		99DA4D8A1E86184C00AFDD53 /* MochaJSDelegate.js in CopyFiles */ = {isa = PBXBuildFile; fileRef = 99DA4D881E86184500AFDD53 /* MochaJSDelegate.js */; };
/* End PBXBuildFile section */

/* Begin PBXContainerItemProxy section */
		99DA4D6D1E8612D100AFDD53 /* PBXContainerItemProxy */ = {
			isa = PBXContainerItemProxy;
			containerPortal = 99DA4D661E8612D100AFDD53 /* Cocoa Script.xcodeproj */;
			proxyType = 2;
			remoteGlobalIDString = 8D15AC370486D014006FF6A4;
			remoteInfo = "Cocoa Script Editor";
		};
		99DA4D6F1E8612D100AFDD53 /* PBXContainerItemProxy */ = {
			isa = PBXContainerItemProxy;
			containerPortal = 99DA4D661E8612D100AFDD53 /* Cocoa Script.xcodeproj */;
			proxyType = 2;
			remoteGlobalIDString = CC5FB7C20F1FDCCC00F4ECC2;
			remoteInfo = "coscript tool";
		};
		99DA4D711E8612D100AFDD53 /* PBXContainerItemProxy */ = {
			isa = PBXContainerItemProxy;
			containerPortal = 99DA4D661E8612D100AFDD53 /* Cocoa Script.xcodeproj */;
			proxyType = 2;
			remoteGlobalIDString = CC41431A0F25254200E46669;
			remoteInfo = "Cocoa Script Framework";
		};
		99DA4D731E8612D100AFDD53 /* PBXContainerItemProxy */ = {
			isa = PBXContainerItemProxy;
			containerPortal = 99DA4D661E8612D100AFDD53 /* Cocoa Script.xcodeproj */;
			proxyType = 2;
			remoteGlobalIDString = 9FC343C71AF7D2FE00B53759;
			remoteInfo = CocoaScriptTests;
		};
		99DA4D811E86143F00AFDD53 /* PBXContainerItemProxy */ = {
			isa = PBXContainerItemProxy;
			containerPortal = 99DA4D661E8612D100AFDD53 /* Cocoa Script.xcodeproj */;
			proxyType = 1;
			remoteGlobalIDString = CC4143190F25254200E46669;
			remoteInfo = "Cocoa Script Framework";
		};
		99DA4D8B1E86192B00AFDD53 /* PBXContainerItemProxy */ = {
			isa = PBXContainerItemProxy;
			containerPortal = 99DA4D501E860EDF00AFDD53 /* Project object */;
			proxyType = 1;
			remoteGlobalIDString = 99DA4D581E860EDF00AFDD53;
			remoteInfo = MochaAsyncTask;
		};
/* End PBXContainerItemProxy section */

/* Begin PBXCopyFilesBuildPhase section */
		99DA4D771E8612FC00AFDD53 /* CopyFiles */ = {
			isa = PBXCopyFilesBuildPhase;
			buildActionMask = 12;
			dstPath = "";
			dstSubfolderSpec = 16;
			files = (
				99DA4D8A1E86184C00AFDD53 /* MochaJSDelegate.js in CopyFiles */,
				99DA4D871E8617E000AFDD53 /* example.js in CopyFiles */,
			);
			runOnlyForDeploymentPostprocessing = 0;
		};
/* End PBXCopyFilesBuildPhase section */

/* Begin PBXFileReference section */
		99DA4D591E860EDF00AFDD53 /* MochaAsyncTask.framework */ = {isa = PBXFileReference; explicitFileType = wrapper.framework; includeInIndex = 0; path = MochaAsyncTask.framework; sourceTree = BUILT_PRODUCTS_DIR; };
		99DA4D5C1E860EDF00AFDD53 /* MochaAsyncTask.h */ = {isa = PBXFileReference; lastKnownFileType = sourcecode.c.h; path = MochaAsyncTask.h; sourceTree = "<group>"; };
		99DA4D5D1E860EDF00AFDD53 /* Info.plist */ = {isa = PBXFileReference; lastKnownFileType = text.plist.xml; path = Info.plist; sourceTree = "<group>"; };
		99DA4D641E860EFA00AFDD53 /* AsyncTask.swift */ = {isa = PBXFileReference; fileEncoding = 4; lastKnownFileType = sourcecode.swift; path = AsyncTask.swift; sourceTree = "<group>"; };
		99DA4D661E8612D100AFDD53 /* Cocoa Script.xcodeproj */ = {isa = PBXFileReference; lastKnownFileType = "wrapper.pb-project"; name = "Cocoa Script.xcodeproj"; path = "deps/CocoaScript/Cocoa Script.xcodeproj"; sourceTree = "<group>"; };
		99DA4D791E8612FC00AFDD53 /* MochaAsyncTaskExample */ = {isa = PBXFileReference; explicitFileType = "compiled.mach-o.executable"; includeInIndex = 0; path = MochaAsyncTaskExample; sourceTree = BUILT_PRODUCTS_DIR; };
		99DA4D7B1E8612FC00AFDD53 /* main.swift */ = {isa = PBXFileReference; lastKnownFileType = sourcecode.swift; path = main.swift; sourceTree = "<group>"; };
		99DA4D801E86131500AFDD53 /* MochaAsyncTaskExample-Bridging-Header.h */ = {isa = PBXFileReference; lastKnownFileType = sourcecode.c.h; path = "MochaAsyncTaskExample-Bridging-Header.h"; sourceTree = "<group>"; };
		99DA4D841E86167800AFDD53 /* example.js */ = {isa = PBXFileReference; fileEncoding = 4; lastKnownFileType = sourcecode.javascript; path = example.js; sourceTree = "<group>"; };
		99DA4D881E86184500AFDD53 /* MochaJSDelegate.js */ = {isa = PBXFileReference; fileEncoding = 4; lastKnownFileType = sourcecode.javascript; path = MochaJSDelegate.js; sourceTree = "<group>"; };
/* End PBXFileReference section */

/* Begin PBXFrameworksBuildPhase section */
		99DA4D551E860EDF00AFDD53 /* Frameworks */ = {
			isa = PBXFrameworksBuildPhase;
			buildActionMask = 2147483647;
			files = (
			);
			runOnlyForDeploymentPostprocessing = 0;
		};
		99DA4D761E8612FC00AFDD53 /* Frameworks */ = {
			isa = PBXFrameworksBuildPhase;
			buildActionMask = 2147483647;
			files = (
				99DA4D831E86155B00AFDD53 /* CocoaScript.framework in Frameworks */,
			);
			runOnlyForDeploymentPostprocessing = 0;
		};
/* End PBXFrameworksBuildPhase section */

/* Begin PBXGroup section */
		99DA4D4F1E860EDF00AFDD53 = {
			isa = PBXGroup;
			children = (
				99DA4D5B1E860EDF00AFDD53 /* MochaAsyncTask */,
				99DA4D7A1E8612FC00AFDD53 /* MochaAsyncTaskExample */,
				99DA4D5A1E860EDF00AFDD53 /* Products */,
				99DA4D661E8612D100AFDD53 /* Cocoa Script.xcodeproj */,
			);
			sourceTree = "<group>";
		};
		99DA4D5A1E860EDF00AFDD53 /* Products */ = {
			isa = PBXGroup;
			children = (
				99DA4D591E860EDF00AFDD53 /* MochaAsyncTask.framework */,
				99DA4D791E8612FC00AFDD53 /* MochaAsyncTaskExample */,
			);
			name = Products;
			sourceTree = "<group>";
		};
		99DA4D5B1E860EDF00AFDD53 /* MochaAsyncTask */ = {
			isa = PBXGroup;
			children = (
				99DA4D5C1E860EDF00AFDD53 /* MochaAsyncTask.h */,
				99DA4D5D1E860EDF00AFDD53 /* Info.plist */,
				99DA4D641E860EFA00AFDD53 /* AsyncTask.swift */,
			);
			path = MochaAsyncTask;
			sourceTree = "<group>";
		};
		99DA4D671E8612D100AFDD53 /* Products */ = {
			isa = PBXGroup;
			children = (
				99DA4D6E1E8612D100AFDD53 /* Cocoa Script Editor.app */,
				99DA4D701E8612D100AFDD53 /* coscript */,
				99DA4D721E8612D100AFDD53 /* CocoaScript.framework */,
				99DA4D741E8612D100AFDD53 /* CocoaScriptTests.xctest */,
			);
			name = Products;
			sourceTree = "<group>";
		};
		99DA4D7A1E8612FC00AFDD53 /* MochaAsyncTaskExample */ = {
			isa = PBXGroup;
			children = (
				99DA4D881E86184500AFDD53 /* MochaJSDelegate.js */,
				99DA4D7B1E8612FC00AFDD53 /* main.swift */,
				99DA4D801E86131500AFDD53 /* MochaAsyncTaskExample-Bridging-Header.h */,
				99DA4D841E86167800AFDD53 /* example.js */,
			);
			path = MochaAsyncTaskExample;
			sourceTree = "<group>";
		};
/* End PBXGroup section */

/* Begin PBXHeadersBuildPhase section */
		99DA4D561E860EDF00AFDD53 /* Headers */ = {
			isa = PBXHeadersBuildPhase;
			buildActionMask = 2147483647;
			files = (
				99DA4D5E1E860EDF00AFDD53 /* MochaAsyncTask.h in Headers */,
			);
			runOnlyForDeploymentPostprocessing = 0;
		};
/* End PBXHeadersBuildPhase section */

/* Begin PBXNativeTarget section */
		99DA4D581E860EDF00AFDD53 /* MochaAsyncTask */ = {
			isa = PBXNativeTarget;
			buildConfigurationList = 99DA4D611E860EDF00AFDD53 /* Build configuration list for PBXNativeTarget "MochaAsyncTask" */;
			buildPhases = (
				99DA4D541E860EDF00AFDD53 /* Sources */,
				99DA4D551E860EDF00AFDD53 /* Frameworks */,
				99DA4D561E860EDF00AFDD53 /* Headers */,
				99DA4D571E860EDF00AFDD53 /* Resources */,
			);
			buildRules = (
			);
			dependencies = (
			);
			name = MochaAsyncTask;
			productName = MochaAsyncTask;
			productReference = 99DA4D591E860EDF00AFDD53 /* MochaAsyncTask.framework */;
			productType = "com.apple.product-type.framework";
		};
		99DA4D781E8612FC00AFDD53 /* MochaAsyncTaskExample */ = {
			isa = PBXNativeTarget;
			buildConfigurationList = 99DA4D7D1E8612FC00AFDD53 /* Build configuration list for PBXNativeTarget "MochaAsyncTaskExample" */;
			buildPhases = (
				99DA4D751E8612FC00AFDD53 /* Sources */,
				99DA4D851E86169F00AFDD53 /* Resources */,
				99DA4D761E8612FC00AFDD53 /* Frameworks */,
				99DA4D771E8612FC00AFDD53 /* CopyFiles */,
			);
			buildRules = (
			);
			dependencies = (
				99DA4D8C1E86192B00AFDD53 /* PBXTargetDependency */,
				99DA4D821E86143F00AFDD53 /* PBXTargetDependency */,
			);
			name = MochaAsyncTaskExample;
			productName = MochaAsyncTaskExample;
			productReference = 99DA4D791E8612FC00AFDD53 /* MochaAsyncTaskExample */;
			productType = "com.apple.product-type.tool";
		};
/* End PBXNativeTarget section */

/* Begin PBXProject section */
		99DA4D501E860EDF00AFDD53 /* Project object */ = {
			isa = PBXProject;
			attributes = {
				LastSwiftUpdateCheck = 0820;
				LastUpgradeCheck = 0930;
				ORGANIZATIONNAME = "Hiroaki Yamane";
				TargetAttributes = {
					99DA4D581E860EDF00AFDD53 = {
						CreatedOnToolsVersion = 8.2.1;
						DevelopmentTeam = GP3ES2Y53G;
						LastSwiftMigration = 0930;
						ProvisioningStyle = Automatic;
					};
					99DA4D781E8612FC00AFDD53 = {
						CreatedOnToolsVersion = 8.2.1;
						DevelopmentTeam = GP3ES2Y53G;
						ProvisioningStyle = Automatic;
					};
				};
			};
			buildConfigurationList = 99DA4D531E860EDF00AFDD53 /* Build configuration list for PBXProject "MochaAsyncTask" */;
			compatibilityVersion = "Xcode 3.2";
			developmentRegion = English;
			hasScannedForEncodings = 0;
			knownRegions = (
				en,
			);
			mainGroup = 99DA4D4F1E860EDF00AFDD53;
			productRefGroup = 99DA4D5A1E860EDF00AFDD53 /* Products */;
			projectDirPath = "";
			projectReferences = (
				{
					ProductGroup = 99DA4D671E8612D100AFDD53 /* Products */;
					ProjectRef = 99DA4D661E8612D100AFDD53 /* Cocoa Script.xcodeproj */;
				},
			);
			projectRoot = "";
			targets = (
				99DA4D581E860EDF00AFDD53 /* MochaAsyncTask */,
				99DA4D781E8612FC00AFDD53 /* MochaAsyncTaskExample */,
			);
		};
/* End PBXProject section */

/* Begin PBXReferenceProxy section */
		99DA4D6E1E8612D100AFDD53 /* Cocoa Script Editor.app */ = {
			isa = PBXReferenceProxy;
			fileType = wrapper.application;
			path = "Cocoa Script Editor.app";
			remoteRef = 99DA4D6D1E8612D100AFDD53 /* PBXContainerItemProxy */;
			sourceTree = BUILT_PRODUCTS_DIR;
		};
		99DA4D701E8612D100AFDD53 /* coscript */ = {
			isa = PBXReferenceProxy;
			fileType = "compiled.mach-o.executable";
			path = coscript;
			remoteRef = 99DA4D6F1E8612D100AFDD53 /* PBXContainerItemProxy */;
			sourceTree = BUILT_PRODUCTS_DIR;
		};
		99DA4D721E8612D100AFDD53 /* CocoaScript.framework */ = {
			isa = PBXReferenceProxy;
			fileType = wrapper.framework;
			path = CocoaScript.framework;
			remoteRef = 99DA4D711E8612D100AFDD53 /* PBXContainerItemProxy */;
			sourceTree = BUILT_PRODUCTS_DIR;
		};
		99DA4D741E8612D100AFDD53 /* CocoaScriptTests.xctest */ = {
			isa = PBXReferenceProxy;
			fileType = wrapper.cfbundle;
			path = CocoaScriptTests.xctest;
			remoteRef = 99DA4D731E8612D100AFDD53 /* PBXContainerItemProxy */;
			sourceTree = BUILT_PRODUCTS_DIR;
		};
/* End PBXReferenceProxy section */

/* Begin PBXResourcesBuildPhase section */
		99DA4D571E860EDF00AFDD53 /* Resources */ = {
			isa = PBXResourcesBuildPhase;
			buildActionMask = 2147483647;
			files = (
			);
			runOnlyForDeploymentPostprocessing = 0;
		};
		99DA4D851E86169F00AFDD53 /* Resources */ = {
			isa = PBXResourcesBuildPhase;
			buildActionMask = 2147483647;
			files = (
				99DA4D861E8616A500AFDD53 /* example.js in Resources */,
				99DA4D891E86184500AFDD53 /* MochaJSDelegate.js in Resources */,
			);
			runOnlyForDeploymentPostprocessing = 0;
		};
/* End PBXResourcesBuildPhase section */

/* Begin PBXSourcesBuildPhase section */
		99DA4D541E860EDF00AFDD53 /* Sources */ = {
			isa = PBXSourcesBuildPhase;
			buildActionMask = 2147483647;
			files = (
				99DA4D651E860EFA00AFDD53 /* AsyncTask.swift in Sources */,
			);
			runOnlyForDeploymentPostprocessing = 0;
		};
		99DA4D751E8612FC00AFDD53 /* Sources */ = {
			isa = PBXSourcesBuildPhase;
			buildActionMask = 2147483647;
			files = (
				99DA4D7C1E8612FC00AFDD53 /* main.swift in Sources */,
			);
			runOnlyForDeploymentPostprocessing = 0;
		};
/* End PBXSourcesBuildPhase section */

/* Begin PBXTargetDependency section */
		99DA4D821E86143F00AFDD53 /* PBXTargetDependency */ = {
			isa = PBXTargetDependency;
			name = "Cocoa Script Framework";
			targetProxy = 99DA4D811E86143F00AFDD53 /* PBXContainerItemProxy */;
		};
		99DA4D8C1E86192B00AFDD53 /* PBXTargetDependency */ = {
			isa = PBXTargetDependency;
			target = 99DA4D581E860EDF00AFDD53 /* MochaAsyncTask */;
			targetProxy = 99DA4D8B1E86192B00AFDD53 /* PBXContainerItemProxy */;
		};
/* End PBXTargetDependency section */

/* Begin XCBuildConfiguration section */
		99DA4D5F1E860EDF00AFDD53 /* Debug */ = {
			isa = XCBuildConfiguration;
			buildSettings = {
				ALWAYS_SEARCH_USER_PATHS = NO;
				CLANG_ANALYZER_NONNULL = YES;
				CLANG_CXX_LANGUAGE_STANDARD = "gnu++0x";
				CLANG_CXX_LIBRARY = "libc++";
				CLANG_ENABLE_MODULES = YES;
				CLANG_ENABLE_OBJC_ARC = YES;
				CLANG_WARN_BLOCK_CAPTURE_AUTORELEASING = YES;
				CLANG_WARN_BOOL_CONVERSION = YES;
				CLANG_WARN_COMMA = YES;
				CLANG_WARN_CONSTANT_CONVERSION = YES;
				CLANG_WARN_DEPRECATED_OBJC_IMPLEMENTATIONS = YES;
				CLANG_WARN_DIRECT_OBJC_ISA_USAGE = YES_ERROR;
				CLANG_WARN_DOCUMENTATION_COMMENTS = YES;
				CLANG_WARN_EMPTY_BODY = YES;
				CLANG_WARN_ENUM_CONVERSION = YES;
				CLANG_WARN_INFINITE_RECURSION = YES;
				CLANG_WARN_INT_CONVERSION = YES;
				CLANG_WARN_NON_LITERAL_NULL_CONVERSION = YES;
				CLANG_WARN_OBJC_IMPLICIT_RETAIN_SELF = YES;
				CLANG_WARN_OBJC_LITERAL_CONVERSION = YES;
				CLANG_WARN_OBJC_ROOT_CLASS = YES_ERROR;
				CLANG_WARN_RANGE_LOOP_ANALYSIS = YES;
				CLANG_WARN_STRICT_PROTOTYPES = YES;
				CLANG_WARN_SUSPICIOUS_MOVE = YES;
				CLANG_WARN_UNREACHABLE_CODE = YES;
				CLANG_WARN__DUPLICATE_METHOD_MATCH = YES;
				CODE_SIGN_IDENTITY = "-";
				COPY_PHASE_STRIP = NO;
				CURRENT_PROJECT_VERSION = 1;
				DEBUG_INFORMATION_FORMAT = dwarf;
				ENABLE_STRICT_OBJC_MSGSEND = YES;
				ENABLE_TESTABILITY = YES;
				GCC_C_LANGUAGE_STANDARD = gnu99;
				GCC_DYNAMIC_NO_PIC = NO;
				GCC_NO_COMMON_BLOCKS = YES;
				GCC_OPTIMIZATION_LEVEL = 0;
				GCC_PREPROCESSOR_DEFINITIONS = (
					"DEBUG=1",
					"$(inherited)",
				);
				GCC_WARN_64_TO_32_BIT_CONVERSION = YES;
				GCC_WARN_ABOUT_RETURN_TYPE = YES_ERROR;
				GCC_WARN_UNDECLARED_SELECTOR = YES;
				GCC_WARN_UNINITIALIZED_AUTOS = YES_AGGRESSIVE;
				GCC_WARN_UNUSED_FUNCTION = YES;
				GCC_WARN_UNUSED_VARIABLE = YES;
				MACOSX_DEPLOYMENT_TARGET = 10.12;
				MTL_ENABLE_DEBUG_INFO = YES;
				ONLY_ACTIVE_ARCH = YES;
				SDKROOT = macosx;
				SWIFT_ACTIVE_COMPILATION_CONDITIONS = DEBUG;
				SWIFT_OPTIMIZATION_LEVEL = "-Onone";
				VERSIONING_SYSTEM = "apple-generic";
				VERSION_INFO_PREFIX = "";
			};
			name = Debug;
		};
		99DA4D601E860EDF00AFDD53 /* Release */ = {
			isa = XCBuildConfiguration;
			buildSettings = {
				ALWAYS_SEARCH_USER_PATHS = NO;
				CLANG_ANALYZER_NONNULL = YES;
				CLANG_CXX_LANGUAGE_STANDARD = "gnu++0x";
				CLANG_CXX_LIBRARY = "libc++";
				CLANG_ENABLE_MODULES = YES;
				CLANG_ENABLE_OBJC_ARC = YES;
				CLANG_WARN_BLOCK_CAPTURE_AUTORELEASING = YES;
				CLANG_WARN_BOOL_CONVERSION = YES;
				CLANG_WARN_COMMA = YES;
				CLANG_WARN_CONSTANT_CONVERSION = YES;
				CLANG_WARN_DEPRECATED_OBJC_IMPLEMENTATIONS = YES;
				CLANG_WARN_DIRECT_OBJC_ISA_USAGE = YES_ERROR;
				CLANG_WARN_DOCUMENTATION_COMMENTS = YES;
				CLANG_WARN_EMPTY_BODY = YES;
				CLANG_WARN_ENUM_CONVERSION = YES;
				CLANG_WARN_INFINITE_RECURSION = YES;
				CLANG_WARN_INT_CONVERSION = YES;
				CLANG_WARN_NON_LITERAL_NULL_CONVERSION = YES;
				CLANG_WARN_OBJC_IMPLICIT_RETAIN_SELF = YES;
				CLANG_WARN_OBJC_LITERAL_CONVERSION = YES;
				CLANG_WARN_OBJC_ROOT_CLASS = YES_ERROR;
				CLANG_WARN_RANGE_LOOP_ANALYSIS = YES;
				CLANG_WARN_STRICT_PROTOTYPES = YES;
				CLANG_WARN_SUSPICIOUS_MOVE = YES;
				CLANG_WARN_UNREACHABLE_CODE = YES;
				CLANG_WARN__DUPLICATE_METHOD_MATCH = YES;
				CODE_SIGN_IDENTITY = "-";
				COPY_PHASE_STRIP = NO;
				CURRENT_PROJECT_VERSION = 1;
				DEBUG_INFORMATION_FORMAT = "dwarf-with-dsym";
				ENABLE_NS_ASSERTIONS = NO;
				ENABLE_STRICT_OBJC_MSGSEND = YES;
				GCC_C_LANGUAGE_STANDARD = gnu99;
				GCC_NO_COMMON_BLOCKS = YES;
				GCC_WARN_64_TO_32_BIT_CONVERSION = YES;
				GCC_WARN_ABOUT_RETURN_TYPE = YES_ERROR;
				GCC_WARN_UNDECLARED_SELECTOR = YES;
				GCC_WARN_UNINITIALIZED_AUTOS = YES_AGGRESSIVE;
				GCC_WARN_UNUSED_FUNCTION = YES;
				GCC_WARN_UNUSED_VARIABLE = YES;
				MACOSX_DEPLOYMENT_TARGET = 10.12;
				MTL_ENABLE_DEBUG_INFO = NO;
				SDKROOT = macosx;
				SWIFT_OPTIMIZATION_LEVEL = "-Owholemodule";
				VERSIONING_SYSTEM = "apple-generic";
				VERSION_INFO_PREFIX = "";
			};
			name = Release;
		};
		99DA4D621E860EDF00AFDD53 /* Debug */ = {
			isa = XCBuildConfiguration;
			buildSettings = {
				ALWAYS_EMBED_SWIFT_STANDARD_LIBRARIES = YES;
				CLANG_ENABLE_MODULES = YES;
				CODE_SIGN_IDENTITY = "";
				COMBINE_HIDPI_IMAGES = YES;
				DEFINES_MODULE = YES;
				DEVELOPMENT_TEAM = GP3ES2Y53G;
				DYLIB_COMPATIBILITY_VERSION = 1;
				DYLIB_CURRENT_VERSION = 1;
				DYLIB_INSTALL_NAME_BASE = "@rpath";
				FRAMEWORK_VERSION = A;
				INFOPLIST_FILE = MochaAsyncTask/Info.plist;
				INSTALL_PATH = "$(LOCAL_LIBRARY_DIR)/Frameworks";
				LD_RUNPATH_SEARCH_PATHS = "$(inherited) @executable_path/../Frameworks @loader_path/Frameworks";
				PRODUCT_BUNDLE_IDENTIFIER = com.mnmly.MochaAsyncTask;
				PRODUCT_NAME = "$(TARGET_NAME)";
				SKIP_INSTALL = YES;
				SWIFT_OPTIMIZATION_LEVEL = "-Onone";
				SWIFT_SWIFT3_OBJC_INFERENCE = On;
				SWIFT_VERSION = 4.0;
			};
			name = Debug;
		};
		99DA4D631E860EDF00AFDD53 /* Release */ = {
			isa = XCBuildConfiguration;
			buildSettings = {
				ALWAYS_EMBED_SWIFT_STANDARD_LIBRARIES = YES;
				CLANG_ENABLE_MODULES = YES;
				CODE_SIGN_IDENTITY = "";
				COMBINE_HIDPI_IMAGES = YES;
				DEFINES_MODULE = YES;
				DEVELOPMENT_TEAM = GP3ES2Y53G;
				DYLIB_COMPATIBILITY_VERSION = 1;
				DYLIB_CURRENT_VERSION = 1;
				DYLIB_INSTALL_NAME_BASE = "@rpath";
				FRAMEWORK_VERSION = A;
				INFOPLIST_FILE = MochaAsyncTask/Info.plist;
				INSTALL_PATH = "$(LOCAL_LIBRARY_DIR)/Frameworks";
				LD_RUNPATH_SEARCH_PATHS = "$(inherited) @executable_path/../Frameworks @loader_path/Frameworks";
				PRODUCT_BUNDLE_IDENTIFIER = com.mnmly.MochaAsyncTask;
				PRODUCT_NAME = "$(TARGET_NAME)";
				SKIP_INSTALL = YES;
				SWIFT_SWIFT3_OBJC_INFERENCE = On;
				SWIFT_VERSION = 4.0;
			};
			name = Release;
		};
		99DA4D7E1E8612FC00AFDD53 /* Debug */ = {
			isa = XCBuildConfiguration;
			buildSettings = {
				DEVELOPMENT_TEAM = GP3ES2Y53G;
				PRODUCT_NAME = "$(TARGET_NAME)";
				SWIFT_OBJC_BRIDGING_HEADER = "$(SWIFT_MODULE_NAME)/$(SWIFT_MODULE_NAME)-Bridging-Header.h";
				SWIFT_VERSION = 3.0;
			};
			name = Debug;
		};
		99DA4D7F1E8612FC00AFDD53 /* Release */ = {
			isa = XCBuildConfiguration;
			buildSettings = {
				DEVELOPMENT_TEAM = GP3ES2Y53G;
				PRODUCT_NAME = "$(TARGET_NAME)";
				SWIFT_OBJC_BRIDGING_HEADER = "$(SWIFT_MODULE_NAME)/$(SWIFT_MODULE_NAME)-Bridging-Header.h";
				SWIFT_VERSION = 3.0;
			};
			name = Release;
		};
/* End XCBuildConfiguration section */

/* Begin XCConfigurationList section */
		99DA4D531E860EDF00AFDD53 /* Build configuration list for PBXProject "MochaAsyncTask" */ = {
			isa = XCConfigurationList;
			buildConfigurations = (
				99DA4D5F1E860EDF00AFDD53 /* Debug */,
				99DA4D601E860EDF00AFDD53 /* Release */,
			);
			defaultConfigurationIsVisible = 0;
			defaultConfigurationName = Release;
		};
		99DA4D611E860EDF00AFDD53 /* Build configuration list for PBXNativeTarget "MochaAsyncTask" */ = {
			isa = XCConfigurationList;
			buildConfigurations = (
				99DA4D621E860EDF00AFDD53 /* Debug */,
				99DA4D631E860EDF00AFDD53 /* Release */,
			);
			defaultConfigurationIsVisible = 0;
			defaultConfigurationName = Release;
		};
		99DA4D7D1E8612FC00AFDD53 /* Build configuration list for PBXNativeTarget "MochaAsyncTaskExample" */ = {
			isa = XCConfigurationList;
			buildConfigurations = (
				99DA4D7E1E8612FC00AFDD53 /* Debug */,
				99DA4D7F1E8612FC00AFDD53 /* Release */,
			);
			defaultConfigurationIsVisible = 0;
			defaultConfigurationName = Release;
		};
/* End XCConfigurationList section */
	};
	rootObject = 99DA4D501E860EDF00AFDD53 /* Project object */;
}
